
Microsoft Visual Studio Solution File, Format Version 12.00
# Visual Studio 15
VisualStudioVersion = 15.0.27703.2042
MinimumVisualStudioVersion = 10.0.40219.1
Project("{FAE04EC0-301F-11D3-BF4B-00C04F79EFBC}") = "Enums", "Enums\Enums.csproj", "{3456097F-F3A1-46AD-A119-63DB2B7FB261}"
EndProject
Global
	GlobalSection(SolutionConfigurationPlatforms) = preSolution
		Debug|Any CPU = Debug|Any CPU
		Release|Any CPU = Release|Any CPU
	EndGlobalSection
	GlobalSection(ProjectConfigurationPlatforms) = postSolution
		{3456097F-F3A1-46AD-A119-63DB2B7FB261}.Debug|Any CPU.ActiveCfg = Debug|Any CPU
		{3456097F-F3A1-46AD-A119-63DB2B7FB261}.Debug|Any CPU.Build.0 = Debug|Any CPU
		{3456097F-F3A1-46AD-A119-63DB2B7FB261}.Release|Any CPU.ActiveCfg = Release|Any CPU
		{3456097F-F3A1-46AD-A119-63DB2B7FB261}.Release|Any CPU.Build.0 = Release|Any CPU
	EndGlobalSection
	GlobalSection(SolutionProperties) = preSolution
		HideSolutionNode = FALSE
	EndGlobalSection
	GlobalSection(ExtensibilityGlobals) = postSolution
		SolutionGuid = {1F4C1FE9-49EB-43A0-8942-F452C4764AF1}
	EndGlobalSection
EndGlobal
