
Microsoft Visual Studio Solution File, Format Version 12.00
# Visual Studio 15
VisualStudioVersion = 15.0.27703.2042
MinimumVisualStudioVersion = 10.0.40219.1
Project("{FAE04EC0-301F-11D3-BF4B-00C04F79EFBC}") = "Riley_Web_Site", "Riley_Web_Site\Riley_Web_Site.csproj", "{FAFCF5C9-6791-4893-BB5A-C7CB246C7C3D}"
EndProject
Global
	GlobalSection(SolutionConfigurationPlatforms) = preSolution
		Debug|Any CPU = Debug|Any CPU
		Release|Any CPU = Release|Any CPU
	EndGlobalSection
	GlobalSection(ProjectConfigurationPlatforms) = postSolution
		{FAFCF5C9-6791-4893-BB5A-C7CB246C7C3D}.Debug|Any CPU.ActiveCfg = Debug|Any CPU
		{FAFCF5C9-6791-4893-BB5A-C7CB246C7C3D}.Debug|Any CPU.Build.0 = Debug|Any CPU
		{FAFCF5C9-6791-4893-BB5A-C7CB246C7C3D}.Release|Any CPU.ActiveCfg = Release|Any CPU
		{FAFCF5C9-6791-4893-BB5A-C7CB246C7C3D}.Release|Any CPU.Build.0 = Release|Any CPU
	EndGlobalSection
	GlobalSection(SolutionProperties) = preSolution
		HideSolutionNode = FALSE
	EndGlobalSection
	GlobalSection(ExtensibilityGlobals) = postSolution
		SolutionGuid = {029FCA41-A3DA-462A-A006-31766C093409}
	EndGlobalSection
EndGlobal
