
Microsoft Visual Studio Solution File, Format Version 12.00
# Visual Studio 15
VisualStudioVersion = 15.0.27703.2042
MinimumVisualStudioVersion = 10.0.40219.1
Project("{FAE04EC0-301F-11D3-BF4B-00C04F79EFBC}") = "AcmeAccounting", "AcmeAccounting\AcmeAccounting.csproj", "{9BD0665E-7898-4B46-876B-399ACB1C16DF}"
EndProject
Global
	GlobalSection(SolutionConfigurationPlatforms) = preSolution
		Debug|Any CPU = Debug|Any CPU
		Release|Any CPU = Release|Any CPU
	EndGlobalSection
	GlobalSection(ProjectConfigurationPlatforms) = postSolution
		{9BD0665E-7898-4B46-876B-399ACB1C16DF}.Debug|Any CPU.ActiveCfg = Debug|Any CPU
		{9BD0665E-7898-4B46-876B-399ACB1C16DF}.Debug|Any CPU.Build.0 = Debug|Any CPU
		{9BD0665E-7898-4B46-876B-399ACB1C16DF}.Release|Any CPU.ActiveCfg = Release|Any CPU
		{9BD0665E-7898-4B46-876B-399ACB1C16DF}.Release|Any CPU.Build.0 = Release|Any CPU
	EndGlobalSection
	GlobalSection(SolutionProperties) = preSolution
		HideSolutionNode = FALSE
	EndGlobalSection
	GlobalSection(ExtensibilityGlobals) = postSolution
		SolutionGuid = {6C00DE45-E640-418E-BE38-DEB96AB8A56D}
	EndGlobalSection
EndGlobal
