
Microsoft Visual Studio Solution File, Format Version 12.00
# Visual Studio 15
VisualStudioVersion = 15.0.27703.2042
MinimumVisualStudioVersion = 10.0.40219.1
Project("{FAE04EC0-301F-11D3-BF4B-00C04F79EFBC}") = "LambdaExpressions", "LambdaExpressions\LambdaExpressions.csproj", "{AB0F0F77-158F-4ED4-83F5-C3BB53F83C22}"
EndProject
Global
	GlobalSection(SolutionConfigurationPlatforms) = preSolution
		Debug|Any CPU = Debug|Any CPU
		Release|Any CPU = Release|Any CPU
	EndGlobalSection
	GlobalSection(ProjectConfigurationPlatforms) = postSolution
		{AB0F0F77-158F-4ED4-83F5-C3BB53F83C22}.Debug|Any CPU.ActiveCfg = Debug|Any CPU
		{AB0F0F77-158F-4ED4-83F5-C3BB53F83C22}.Debug|Any CPU.Build.0 = Debug|Any CPU
		{AB0F0F77-158F-4ED4-83F5-C3BB53F83C22}.Release|Any CPU.ActiveCfg = Release|Any CPU
		{AB0F0F77-158F-4ED4-83F5-C3BB53F83C22}.Release|Any CPU.Build.0 = Release|Any CPU
	EndGlobalSection
	GlobalSection(SolutionProperties) = preSolution
		HideSolutionNode = FALSE
	EndGlobalSection
	GlobalSection(ExtensibilityGlobals) = postSolution
		SolutionGuid = {4C33B7D9-2AC7-4005-AA08-0C635C76CCD5}
	EndGlobalSection
EndGlobal
