
Microsoft Visual Studio Solution File, Format Version 12.00
# Visual Studio 15
VisualStudioVersion = 15.0.27703.2042
MinimumVisualStudioVersion = 10.0.40219.1
Project("{FAE04EC0-301F-11D3-BF4B-00C04F79EFBC}") = "Exceptions", "Exceptions\Exceptions.csproj", "{4BF17307-CBD2-45AC-9CDC-D47ED420055D}"
EndProject
Global
	GlobalSection(SolutionConfigurationPlatforms) = preSolution
		Debug|Any CPU = Debug|Any CPU
		Release|Any CPU = Release|Any CPU
	EndGlobalSection
	GlobalSection(ProjectConfigurationPlatforms) = postSolution
		{4BF17307-CBD2-45AC-9CDC-D47ED420055D}.Debug|Any CPU.ActiveCfg = Debug|Any CPU
		{4BF17307-CBD2-45AC-9CDC-D47ED420055D}.Debug|Any CPU.Build.0 = Debug|Any CPU
		{4BF17307-CBD2-45AC-9CDC-D47ED420055D}.Release|Any CPU.ActiveCfg = Release|Any CPU
		{4BF17307-CBD2-45AC-9CDC-D47ED420055D}.Release|Any CPU.Build.0 = Release|Any CPU
	EndGlobalSection
	GlobalSection(SolutionProperties) = preSolution
		HideSolutionNode = FALSE
	EndGlobalSection
	GlobalSection(ExtensibilityGlobals) = postSolution
		SolutionGuid = {2AFC2350-BFEA-4F79-9DC8-B7A9ECF29420}
	EndGlobalSection
EndGlobal
