
Microsoft Visual Studio Solution File, Format Version 12.00
# Visual Studio 15
VisualStudioVersion = 15.0.27703.2042
MinimumVisualStudioVersion = 10.0.40219.1
Project("{FAE04EC0-301F-11D3-BF4B-00C04F79EFBC}") = "MVC_CarInsurance", "MVC_CarInsurance\MVC_CarInsurance.csproj", "{77C944C8-5149-456C-9472-1FBF68FCA634}"
EndProject
Global
	GlobalSection(SolutionConfigurationPlatforms) = preSolution
		Debug|Any CPU = Debug|Any CPU
		Release|Any CPU = Release|Any CPU
	EndGlobalSection
	GlobalSection(ProjectConfigurationPlatforms) = postSolution
		{77C944C8-5149-456C-9472-1FBF68FCA634}.Debug|Any CPU.ActiveCfg = Debug|Any CPU
		{77C944C8-5149-456C-9472-1FBF68FCA634}.Debug|Any CPU.Build.0 = Debug|Any CPU
		{77C944C8-5149-456C-9472-1FBF68FCA634}.Release|Any CPU.ActiveCfg = Release|Any CPU
		{77C944C8-5149-456C-9472-1FBF68FCA634}.Release|Any CPU.Build.0 = Release|Any CPU
	EndGlobalSection
	GlobalSection(SolutionProperties) = preSolution
		HideSolutionNode = FALSE
	EndGlobalSection
	GlobalSection(ExtensibilityGlobals) = postSolution
		SolutionGuid = {9F7638DA-7E4E-4DE6-83A2-D9FB23CD1FDE}
	EndGlobalSection
EndGlobal
