
Microsoft Visual Studio Solution File, Format Version 12.00
# Visual Studio 15
VisualStudioVersion = 15.0.27703.2042
MinimumVisualStudioVersion = 10.0.40219.1
Project("{FAE04EC0-301F-11D3-BF4B-00C04F79EFBC}") = "DailyReport", "DailyReport\DailyReport.csproj", "{3014225C-52A4-40AF-B377-366549C60A6B}"
EndProject
Global
	GlobalSection(SolutionConfigurationPlatforms) = preSolution
		Debug|Any CPU = Debug|Any CPU
		Release|Any CPU = Release|Any CPU
	EndGlobalSection
	GlobalSection(ProjectConfigurationPlatforms) = postSolution
		{3014225C-52A4-40AF-B377-366549C60A6B}.Debug|Any CPU.ActiveCfg = Debug|Any CPU
		{3014225C-52A4-40AF-B377-366549C60A6B}.Debug|Any CPU.Build.0 = Debug|Any CPU
		{3014225C-52A4-40AF-B377-366549C60A6B}.Release|Any CPU.ActiveCfg = Release|Any CPU
		{3014225C-52A4-40AF-B377-366549C60A6B}.Release|Any CPU.Build.0 = Release|Any CPU
	EndGlobalSection
	GlobalSection(SolutionProperties) = preSolution
		HideSolutionNode = FALSE
	EndGlobalSection
	GlobalSection(ExtensibilityGlobals) = postSolution
		SolutionGuid = {F973F5B7-B6BA-476F-B1EA-53A44C241587}
	EndGlobalSection
EndGlobal
