
Microsoft Visual Studio Solution File, Format Version 12.00
# Visual Studio 15
VisualStudioVersion = 15.0.27703.2042
MinimumVisualStudioVersion = 10.0.40219.1
Project("{FAE04EC0-301F-11D3-BF4B-00C04F79EFBC}") = "Generics", "Generics\Generics.csproj", "{FAE88443-9B99-4624-841B-13DFF14C15D4}"
EndProject
Global
	GlobalSection(SolutionConfigurationPlatforms) = preSolution
		Debug|Any CPU = Debug|Any CPU
		Release|Any CPU = Release|Any CPU
	EndGlobalSection
	GlobalSection(ProjectConfigurationPlatforms) = postSolution
		{FAE88443-9B99-4624-841B-13DFF14C15D4}.Debug|Any CPU.ActiveCfg = Debug|Any CPU
		{FAE88443-9B99-4624-841B-13DFF14C15D4}.Debug|Any CPU.Build.0 = Debug|Any CPU
		{FAE88443-9B99-4624-841B-13DFF14C15D4}.Release|Any CPU.ActiveCfg = Release|Any CPU
		{FAE88443-9B99-4624-841B-13DFF14C15D4}.Release|Any CPU.Build.0 = Release|Any CPU
	EndGlobalSection
	GlobalSection(SolutionProperties) = preSolution
		HideSolutionNode = FALSE
	EndGlobalSection
	GlobalSection(ExtensibilityGlobals) = postSolution
		SolutionGuid = {97BF1653-7143-4456-B696-2F7A2FEE886F}
	EndGlobalSection
EndGlobal
